
Microsoft Visual Studio Solution File, Format Version 12.00
# Visual Studio Version 17
VisualStudioVersion = 17.14.36603.0 d17.14
MinimumVisualStudioVersion = 10.0.40219.1
Project("{FAE04EC0-301F-11D3-BF4B-00C04F79EFBC}") = "WindowsFormsApp1", "WindowsFormsApp1\WindowsFormsApp1.csproj", "{76EA74B6-16C3-438B-B618-594FDA00B7BD}"
EndProject
Global
	GlobalSection(SolutionConfigurationPlatforms) = preSolution
		Debug|Any CPU = Debug|Any CPU
		Release|Any CPU = Release|Any CPU
	EndGlobalSection
	GlobalSection(ProjectConfigurationPlatforms) = postSolution
		{76EA74B6-16C3-438B-B618-594FDA00B7BD}.Debug|Any CPU.ActiveCfg = Debug|Any CPU
		{76EA74B6-16C3-438B-B618-594FDA00B7BD}.Debug|Any CPU.Build.0 = Debug|Any CPU
		{76EA74B6-16C3-438B-B618-594FDA00B7BD}.Release|Any CPU.ActiveCfg = Release|Any CPU
		{76EA74B6-16C3-438B-B618-594FDA00B7BD}.Release|Any CPU.Build.0 = Release|Any CPU
	EndGlobalSection
	GlobalSection(SolutionProperties) = preSolution
		HideSolutionNode = FALSE
	EndGlobalSection
	GlobalSection(ExtensibilityGlobals) = postSolution
		SolutionGuid = {2D3B2C0C-6906-4ACF-9DFA-B3D668A04E98}
	EndGlobalSection
EndGlobal
